
Microsoft Visual Studio Solution File, Format Version 12.00
# Visual Studio Version 16
VisualStudioVersion = 16.0.31729.503
MinimumVisualStudioVersion = 10.0.40219.1
Project("{FAE04EC0-301F-11D3-BF4B-00C04F79EFBC}") = "helloWorld", "helloWorld\helloWorld.csproj", "{A9FA04C9-5F46-4267-9577-8B9E338EFA40}"
EndProject
Global
	GlobalSection(SolutionConfigurationPlatforms) = preSolution
		Debug|Any CPU = Debug|Any CPU
		Release|Any CPU = Release|Any CPU
	EndGlobalSection
	GlobalSection(ProjectConfigurationPlatforms) = postSolution
		{A9FA04C9-5F46-4267-9577-8B9E338EFA40}.Debug|Any CPU.ActiveCfg = Debug|Any CPU
		{A9FA04C9-5F46-4267-9577-8B9E338EFA40}.Debug|Any CPU.Build.0 = Debug|Any CPU
		{A9FA04C9-5F46-4267-9577-8B9E338EFA40}.Release|Any CPU.ActiveCfg = Release|Any CPU
		{A9FA04C9-5F46-4267-9577-8B9E338EFA40}.Release|Any CPU.Build.0 = Release|Any CPU
	EndGlobalSection
	GlobalSection(SolutionProperties) = preSolution
		HideSolutionNode = FALSE
	EndGlobalSection
	GlobalSection(ExtensibilityGlobals) = postSolution
		SolutionGuid = {2ADB7BEE-A5ED-46F5-820D-1EBD4975F698}
	EndGlobalSection
EndGlobal
